# This file is autogenerated, do not edit; changes may be undone by the next 'dep ensure'.


[[projects]]
  digest = "1:780d1a5df3a9a227bf07e7beb6c851ec6ad2614555b1d015d9e2f136d13ad8a7"
  name = "github.com/caio/go-tdigest"
  packages = ["."]
  pruneopts = "UT"
  revision = "f3c8d94f65d3096ac96eda54ffcd10c0fe1477f1"
  version = "v2.3.0"

[[projects]]
  digest = "1:ffe9824d294da03b391f44e1ae8281281b4afc1bdaa9588c9097785e3af10cec"
  name = "github.com/davecgh/go-spew"
  packages = ["spew"]
  pruneopts = "UT"
  revision = "8991bc29aa16c548c550c7ff78260e27b9ab7c73"
  version = "v1.1.1"

[[projects]]
  digest = "1:0028cb19b2e4c3112225cd871870f2d9cf49b9b4276531f03438a88e94be86fe"
  name = "github.com/pmezard/go-difflib"
  packages = ["difflib"]
  pruneopts = "UT"
  revision = "792786c7400a136282c1664665ae0a8db921c6c2"
  version = "v1.0.0"

[[projects]]
  digest = "1:267844804416a11470a2fbf68549b98959e22d77e0921e2349276958477f08a3"
  name = "github.com/rcrowley/go-metrics"
  packages = ["."]
  pruneopts = "UT"
  revision = "9beb055b7962d16947a14e1cd718098a2431e20e"

[[projects]]
  digest = "1:972c2427413d41a1e06ca4897e8528e5a1622894050e2f527b38ddf0f343f759"
  name = "github.com/stretchr/testify"
  packages = ["assert"]
  pruneopts = "UT"
  revision = "ffdc059bfe9ce6a4e144ba849dbedead332c6053"
  version = "v1.3.0"

[[projects]]
  digest = "1:ff5b7022e7887a3b0d5db87a5679130f0d1e43f63b39aa3ca3510eb562a18d33"
  name = "github.com/wavefronthq/wavefront-sdk-go"
  packages = [
    "application",
    "histogram",
    "internal",
    "senders",
  ]
  pruneopts = "UT"
  revision = "444c396a44fc920294d5e7f960f6a8fc7d8a5ad2"
  version = "v0.9.3"

[solve-meta]
  analyzer-name = "dep"
  analyzer-version = 1
  input-imports = [
    "github.com/rcrowley/go-metrics",
    "github.com/stretchr/testify/assert",
    "github.com/wavefronthq/wavefront-sdk-go/application",
    "github.com/wavefronthq/wavefront-sdk-go/histogram",
    "github.com/wavefronthq/wavefront-sdk-go/senders",
  ]
  solver-name = "gps-cdcl"
  solver-version = 1
