# This file is autogenerated, do not edit; changes may be undone by the next 'dep ensure'.


[[projects]]
  digest = "1:780d1a5df3a9a227bf07e7beb6c851ec6ad2614555b1d015d9e2f136d13ad8a7"
  name = "github.com/caio/go-tdigest"
  packages = ["."]
  pruneopts = "UT"
  revision = "f3c8d94f65d3096ac96eda54ffcd10c0fe1477f1"
  version = "v2.3.0"

[[projects]]
  digest = "1:ffe9824d294da03b391f44e1ae8281281b4afc1bdaa9588c9097785e3af10cec"
  name = "github.com/davecgh/go-spew"
  packages = ["spew"]
  pruneopts = "UT"
  revision = "8991bc29aa16c548c550c7ff78260e27b9ab7c73"
  version = "v1.1.1"

[[projects]]
  digest = "1:0028cb19b2e4c3112225cd871870f2d9cf49b9b4276531f03438a88e94be86fe"
  name = "github.com/pmezard/go-difflib"
  packages = ["difflib"]
  pruneopts = "UT"
  revision = "792786c7400a136282c1664665ae0a8db921c6c2"
  version = "v1.0.0"

[[projects]]
  branch = "master"
  digest = "1:d38f81081a389f1466ec98192cf9115a82158854d6f01e1c23e2e7554b97db71"
  name = "github.com/rcrowley/go-metrics"
  packages = ["."]
  pruneopts = "UT"
  revision = "3113b8401b8a98917cde58f8bbd42a1b1c03b1fd"

[[projects]]
  digest = "1:972c2427413d41a1e06ca4897e8528e5a1622894050e2f527b38ddf0f343f759"
  name = "github.com/stretchr/testify"
  packages = ["assert"]
  pruneopts = "UT"
  revision = "ffdc059bfe9ce6a4e144ba849dbedead332c6053"
  version = "v1.3.0"

[[projects]]
  branch = "laullon/race_bug"
  digest = "1:9333f3366eb71e8cccda8b572b4ea7f1857684a60ddc929498f09a2fef0f6555"
  name = "github.com/wavefronthq/wavefront-sdk-go"
  packages = [
    "application",
    "histogram",
    "internal",
    "senders",
  ]
  pruneopts = "UT"
  revision = "f976551e9130d44b82ce12ab6620ded6988943fb"

[solve-meta]
  analyzer-name = "dep"
  analyzer-version = 1
  input-imports = [
    "github.com/rcrowley/go-metrics",
    "github.com/stretchr/testify/assert",
    "github.com/wavefronthq/wavefront-sdk-go/application",
    "github.com/wavefronthq/wavefront-sdk-go/histogram",
    "github.com/wavefronthq/wavefront-sdk-go/senders",
  ]
  solver-name = "gps-cdcl"
  solver-version = 1
